
Microsoft Visual Studio Solution File, Format Version 12.00
# Visual Studio Version 17
VisualStudioVersion = 17.4.33110.190
MinimumVisualStudioVersion = 10.0.40219.1
Project("{FAE04EC0-301F-11D3-BF4B-00C04F79EFBC}") = "WpfMVVMsurgeCarentCalculater", "WpfMVVMsurgeCarentCalculater.csproj", "{D909880D-F4F5-4A83-AD43-DAC3D68E4836}"
EndProject
Global
	GlobalSection(SolutionConfigurationPlatforms) = preSolution
		Debug|Any CPU = Debug|Any CPU
		Release|Any CPU = Release|Any CPU
	EndGlobalSection
	GlobalSection(ProjectConfigurationPlatforms) = postSolution
		{D909880D-F4F5-4A83-AD43-DAC3D68E4836}.Debug|Any CPU.ActiveCfg = Debug|Any CPU
		{D909880D-F4F5-4A83-AD43-DAC3D68E4836}.Debug|Any CPU.Build.0 = Debug|Any CPU
		{D909880D-F4F5-4A83-AD43-DAC3D68E4836}.Release|Any CPU.ActiveCfg = Release|Any CPU
		{D909880D-F4F5-4A83-AD43-DAC3D68E4836}.Release|Any CPU.Build.0 = Release|Any CPU
	EndGlobalSection
	GlobalSection(SolutionProperties) = preSolution
		HideSolutionNode = FALSE
	EndGlobalSection
	GlobalSection(ExtensibilityGlobals) = postSolution
		SolutionGuid = {9F4F70C0-FC46-4B0A-8F7D-6DAB62C3E851}
	EndGlobalSection
EndGlobal
